// !$*UTF8*$!
{
	archiveVersion = 1;
	classes = {
	};
	objectVersion = 46;
	objects = {

/* Begin PBXBuildFile section */
		37451F5E161F683B0032BAA3 /* unlock_message.png in Resources */ = {isa = PBXBuildFile; fileRef = 37451F5D161F683B0032BAA3 /* unlock_message.png */; };
		37451F61161F6C880032BAA3 /* make_album_dog_image.png in Resources */ = {isa = PBXBuildFile; fileRef = 37451F60161F6C880032BAA3 /* make_album_dog_image.png */; };
		37451F63161F6CA20032BAA3 /* messagebook.png in Resources */ = {isa = PBXBuildFile; fileRef = 37451F62161F6CA20032BAA3 /* messagebook.png */; };
		37FECE5C161F2B3600BAA84F /* fry.png in Resources */ = {isa = PBXBuildFile; fileRef = 37FECE5B161F2B3600BAA84F /* fry.png */; };
		4424729F161E28CE00756CC3 /* UIKit.framework in Frameworks */ = {isa = PBXBuildFile; fileRef = 4424729E161E28CE00756CC3 /* UIKit.framework */; };
		442472A1161E28CE00756CC3 /* Foundation.framework in Frameworks */ = {isa = PBXBuildFile; fileRef = 442472A0161E28CE00756CC3 /* Foundation.framework */; };
		442472A3161E28CE00756CC3 /* CoreGraphics.framework in Frameworks */ = {isa = PBXBuildFile; fileRef = 442472A2161E28CE00756CC3 /* CoreGraphics.framework */; };
		442472A9161E28CE00756CC3 /* InfoPlist.strings in Resources */ = {isa = PBXBuildFile; fileRef = 442472A7161E28CE00756CC3 /* InfoPlist.strings */; };
		442472AB161E28CE00756CC3 /* main.m in Sources */ = {isa = PBXBuildFile; fileRef = 442472AA161E28CE00756CC3 /* main.m */; };
		44247305161E7C6900756CC3 /* FSAppDelegate.m in Sources */ = {isa = PBXBuildFile; fileRef = 442472F4161E7C6900756CC3 /* FSAppDelegate.m */; };
		44247306161E7C6900756CC3 /* FSContentChooserViewController.m in Sources */ = {isa = PBXBuildFile; fileRef = 442472F7161E7C6900756CC3 /* FSContentChooserViewController.m */; };
		44247307161E7C6900756CC3 /* FSContentChooserViewController.xib in Resources */ = {isa = PBXBuildFile; fileRef = 442472F8161E7C6900756CC3 /* FSContentChooserViewController.xib */; };
		44247308161E7C6900756CC3 /* FSMessageViewerViewController.m in Sources */ = {isa = PBXBuildFile; fileRef = 442472FA161E7C6900756CC3 /* FSMessageViewerViewController.m */; };
		44247309161E7C6900756CC3 /* FSMessageViewerViewController.xib in Resources */ = {isa = PBXBuildFile; fileRef = 442472FB161E7C6900756CC3 /* FSMessageViewerViewController.xib */; };
		4424730A161E7C6900756CC3 /* FSMessageWriterViewController.m in Sources */ = {isa = PBXBuildFile; fileRef = 442472FD161E7C6900756CC3 /* FSMessageWriterViewController.m */; };
		4424730B161E7C6900756CC3 /* FSMessageWriterViewController.xib in Resources */ = {isa = PBXBuildFile; fileRef = 442472FE161E7C6900756CC3 /* FSMessageWriterViewController.xib */; };
		4424730C161E7C6900756CC3 /* FSRecipientChooserViewController.m in Sources */ = {isa = PBXBuildFile; fileRef = 44247300161E7C6900756CC3 /* FSRecipientChooserViewController.m */; };
		4424730D161E7C6900756CC3 /* FSRecipientChooserViewController.xib in Resources */ = {isa = PBXBuildFile; fileRef = 44247301161E7C6900756CC3 /* FSRecipientChooserViewController.xib */; };
		4424730E161E7C6900756CC3 /* FSViewController.m in Sources */ = {isa = PBXBuildFile; fileRef = 44247303161E7C6900756CC3 /* FSViewController.m */; };
		4424730F161E7C6900756CC3 /* FSViewController.xib in Resources */ = {isa = PBXBuildFile; fileRef = 44247304161E7C6900756CC3 /* FSViewController.xib */; };
		44247315161F17FC00756CC3 /* Default-568h@2x.png in Resources */ = {isa = PBXBuildFile; fileRef = 44247312161F17FC00756CC3 /* Default-568h@2x.png */; };
		44247316161F17FC00756CC3 /* Default.png in Resources */ = {isa = PBXBuildFile; fileRef = 44247313161F17FC00756CC3 /* Default.png */; };
		44247317161F17FC00756CC3 /* Default@2x.png in Resources */ = {isa = PBXBuildFile; fileRef = 44247314161F17FC00756CC3 /* Default@2x.png */; };
		4424731A161F1AAE00756CC3 /* SystemConfiguration.framework in Frameworks */ = {isa = PBXBuildFile; fileRef = 3731DAD6161E390200055B11 /* SystemConfiguration.framework */; };
		4424731D161F1B7600756CC3 /* QuartzCore.framework in Frameworks */ = {isa = PBXBuildFile; fileRef = 4424731C161F1B7600756CC3 /* QuartzCore.framework */; };
		4424731F161F1D3900756CC3 /* Parse.framework in Frameworks */ = {isa = PBXBuildFile; fileRef = 4424731E161F1D3900756CC3 /* Parse.framework */; };
		44247321161F1EA500756CC3 /* libsqlite3.dylib in Frameworks */ = {isa = PBXBuildFile; fileRef = 44247320161F1EA500756CC3 /* libsqlite3.dylib */; };
		44247323161F1EBD00756CC3 /* Social.framework in Frameworks */ = {isa = PBXBuildFile; fileRef = 44247322161F1EBD00756CC3 /* Social.framework */; };
		44247325161F1EE600756CC3 /* MobileCoreServices.framework in Frameworks */ = {isa = PBXBuildFile; fileRef = 44247324161F1EE600756CC3 /* MobileCoreServices.framework */; };
		44247327161F1F2200756CC3 /* libz.1.1.3.dylib in Frameworks */ = {isa = PBXBuildFile; fileRef = 44247326161F1F2200756CC3 /* libz.1.1.3.dylib */; };
		44247329161F1F8100756CC3 /* Security.framework in Frameworks */ = {isa = PBXBuildFile; fileRef = 44247328161F1F8100756CC3 /* Security.framework */; };
		4424732B161F1F9000756CC3 /* AudioToolbox.framework in Frameworks */ = {isa = PBXBuildFile; fileRef = 4424732A161F1F9000756CC3 /* AudioToolbox.framework */; };
		4424732D161F1F9E00756CC3 /* AdSupport.framework in Frameworks */ = {isa = PBXBuildFile; fileRef = 4424732C161F1F9D00756CC3 /* AdSupport.framework */; };
		4424732F161F1FAD00756CC3 /* Accounts.framework in Frameworks */ = {isa = PBXBuildFile; fileRef = 4424732E161F1FAD00756CC3 /* Accounts.framework */; };
		44247331161F1FBD00756CC3 /* CFNetwork.framework in Frameworks */ = {isa = PBXBuildFile; fileRef = 44247330161F1FBD00756CC3 /* CFNetwork.framework */; };
		44247333161F1FE900756CC3 /* StoreKit.framework in Frameworks */ = {isa = PBXBuildFile; fileRef = 44247332161F1FE900756CC3 /* StoreKit.framework */; };
		4424734F161F21DE00756CC3 /* AppAuthViewController.m in Sources */ = {isa = PBXBuildFile; fileRef = 44247336161F21DE00756CC3 /* AppAuthViewController.m */; };
		44247350161F21DE00756CC3 /* AppAuthViewController.xib in Resources */ = {isa = PBXBuildFile; fileRef = 44247337161F21DE00756CC3 /* AppAuthViewController.xib */; };
		44247351161F21DE00756CC3 /* FacebookViewController.m in Sources */ = {isa = PBXBuildFile; fileRef = 44247339161F21DE00756CC3 /* FacebookViewController.m */; };
		44247352161F21DE00756CC3 /* FacebookViewController.xib in Resources */ = {isa = PBXBuildFile; fileRef = 4424733A161F21DE00756CC3 /* FacebookViewController.xib */; };
		44247353161F21DE00756CC3 /* FlickrViewController.m in Sources */ = {isa = PBXBuildFile; fileRef = 4424733C161F21DE00756CC3 /* FlickrViewController.m */; };
		44247354161F21DE00756CC3 /* FlickrViewController.xib in Resources */ = {isa = PBXBuildFile; fileRef = 4424733D161F21DE00756CC3 /* FlickrViewController.xib */; };
		44247355161F21DE00756CC3 /* NSObject+SBJSON.m in Sources */ = {isa = PBXBuildFile; fileRef = 44247341161F21DE00756CC3 /* NSObject+SBJSON.m */; settings = {COMPILER_FLAGS = "-fno-objc-arc"; }; };
		44247356161F21DE00756CC3 /* NSString+SBJSON.m in Sources */ = {isa = PBXBuildFile; fileRef = 44247343161F21DE00756CC3 /* NSString+SBJSON.m */; settings = {COMPILER_FLAGS = "-fno-objc-arc"; }; };
		44247357161F21DE00756CC3 /* SBJSON.m in Sources */ = {isa = PBXBuildFile; fileRef = 44247345161F21DE00756CC3 /* SBJSON.m */; settings = {COMPILER_FLAGS = "-fno-objc-arc"; }; };
		44247358161F21DE00756CC3 /* SBJsonBase.m in Sources */ = {isa = PBXBuildFile; fileRef = 44247347161F21DE00756CC3 /* SBJsonBase.m */; settings = {COMPILER_FLAGS = "-fno-objc-arc"; }; };
		44247359161F21DE00756CC3 /* SBJsonParser.m in Sources */ = {isa = PBXBuildFile; fileRef = 44247349161F21DE00756CC3 /* SBJsonParser.m */; settings = {COMPILER_FLAGS = "-fno-objc-arc"; }; };
		4424735A161F21DE00756CC3 /* SBJsonWriter.m in Sources */ = {isa = PBXBuildFile; fileRef = 4424734B161F21DE00756CC3 /* SBJsonWriter.m */; settings = {COMPILER_FLAGS = "-fno-objc-arc"; }; };
		4424735B161F21DE00756CC3 /* TwitterViewController.m in Sources */ = {isa = PBXBuildFile; fileRef = 4424734D161F21DE00756CC3 /* TwitterViewController.m */; };
		4424735C161F21DE00756CC3 /* TwitterViewController.xib in Resources */ = {isa = PBXBuildFile; fileRef = 4424734E161F21DE00756CC3 /* TwitterViewController.xib */; };
		44247360161F254500756CC3 /* FSMessageSenderViewController.m in Sources */ = {isa = PBXBuildFile; fileRef = 4424735E161F254500756CC3 /* FSMessageSenderViewController.m */; };
		44247361161F254500756CC3 /* FSMessageSenderViewController.xib in Resources */ = {isa = PBXBuildFile; fileRef = 4424735F161F254500756CC3 /* FSMessageSenderViewController.xib */; };
		443F5811161F5C5300405E23 /* SVProgressHUD.bundle in Resources */ = {isa = PBXBuildFile; fileRef = 443F580E161F5C5300405E23 /* SVProgressHUD.bundle */; };
		443F5812161F5C5300405E23 /* SVProgressHUD.m in Sources */ = {isa = PBXBuildFile; fileRef = 443F5810161F5C5300405E23 /* SVProgressHUD.m */; settings = {COMPILER_FLAGS = "-fno-objc-arc"; }; };
		443F5815161F5EF500405E23 /* 02_add_content_page.png in Resources */ = {isa = PBXBuildFile; fileRef = 443F5814161F5EF400405E23 /* 02_add_content_page.png */; };
		443F5817161F64A500405E23 /* minis_dog.jpg in Resources */ = {isa = PBXBuildFile; fileRef = 443F5816161F64A500405E23 /* minis_dog.jpg */; };
		449F4F7B161F4DDD000CEA32 /* FSRecipientCell.xib in Resources */ = {isa = PBXBuildFile; fileRef = 449F4F7A161F4DDD000CEA32 /* FSRecipientCell.xib */; };
		449F4F86161F519F000CEA32 /* add_recipient.png in Resources */ = {isa = PBXBuildFile; fileRef = 449F4F7C161F519F000CEA32 /* add_recipient.png */; };
		449F4F87161F519F000CEA32 /* polaroids_image_01.png in Resources */ = {isa = PBXBuildFile; fileRef = 449F4F7D161F519F000CEA32 /* polaroids_image_01.png */; };
		449F4F88161F519F000CEA32 /* polaroids_image_02.png in Resources */ = {isa = PBXBuildFile; fileRef = 449F4F7E161F519F000CEA32 /* polaroids_image_02.png */; };
		449F4F89161F519F000CEA32 /* polaroids_image_03.png in Resources */ = {isa = PBXBuildFile; fileRef = 449F4F7F161F519F000CEA32 /* polaroids_image_03.png */; };
		449F4F8A161F519F000CEA32 /* steps_header_01.png in Resources */ = {isa = PBXBuildFile; fileRef = 449F4F80161F519F000CEA32 /* steps_header_01.png */; };
		449F4F8B161F519F000CEA32 /* steps_header_02.png in Resources */ = {isa = PBXBuildFile; fileRef = 449F4F81161F519F000CEA32 /* steps_header_02.png */; };
		449F4F8C161F519F000CEA32 /* steps_header_03.png in Resources */ = {isa = PBXBuildFile; fileRef = 449F4F82161F519F000CEA32 /* steps_header_03.png */; };
		449F4F8D161F519F000CEA32 /* title_pick_recipient.png in Resources */ = {isa = PBXBuildFile; fileRef = 449F4F83161F519F000CEA32 /* title_pick_recipient.png */; };
		449F4F8E161F519F000CEA32 /* title_add_content.png in Resources */ = {isa = PBXBuildFile; fileRef = 449F4F84161F519F000CEA32 /* title_add_content.png */; };
		449F4F8F161F519F000CEA32 /* title_make_album.png in Resources */ = {isa = PBXBuildFile; fileRef = 449F4F85161F519F000CEA32 /* title_make_album.png */; };
		44C35D2E161F385D00472009 /* background.png in Resources */ = {isa = PBXBuildFile; fileRef = 44C35D2D161F385D00472009 /* background.png */; };
		44EA71A5161F2AF1008B3C22 /* molly_me.jpeg in Resources */ = {isa = PBXBuildFile; fileRef = 44EA71A4161F2AF1008B3C22 /* molly_me.jpeg */; };
		60CD0CA5161E495B00EC03DE /* Twitter.framework in Frameworks */ = {isa = PBXBuildFile; fileRef = 60CD0CA4161E495B00EC03DE /* Twitter.framework */; };
/* End PBXBuildFile section */

/* Begin PBXFileReference section */
		3731DAD6161E390200055B11 /* SystemConfiguration.framework */ = {isa = PBXFileReference; lastKnownFileType = wrapper.framework; name = SystemConfiguration.framework; path = System/Library/Frameworks/SystemConfiguration.framework; sourceTree = SDKROOT; };
		37451F5D161F683B0032BAA3 /* unlock_message.png */ = {isa = PBXFileReference; lastKnownFileType = image.png; path = unlock_message.png; sourceTree = "<group>"; };
		37451F60161F6C880032BAA3 /* make_album_dog_image.png */ = {isa = PBXFileReference; lastKnownFileType = image.png; path = make_album_dog_image.png; sourceTree = "<group>"; };
		37451F62161F6CA20032BAA3 /* messagebook.png */ = {isa = PBXFileReference; lastKnownFileType = image.png; path = messagebook.png; sourceTree = "<group>"; };
		37FECE5B161F2B3600BAA84F /* fry.png */ = {isa = PBXFileReference; lastKnownFileType = image.png; path = fry.png; sourceTree = "<group>"; };
		4424729A161E28CE00756CC3 /* feastshare.app */ = {isa = PBXFileReference; explicitFileType = wrapper.application; includeInIndex = 0; path = feastshare.app; sourceTree = BUILT_PRODUCTS_DIR; };
		4424729E161E28CE00756CC3 /* UIKit.framework */ = {isa = PBXFileReference; lastKnownFileType = wrapper.framework; name = UIKit.framework; path = System/Library/Frameworks/UIKit.framework; sourceTree = SDKROOT; };
		442472A0161E28CE00756CC3 /* Foundation.framework */ = {isa = PBXFileReference; lastKnownFileType = wrapper.framework; name = Foundation.framework; path = System/Library/Frameworks/Foundation.framework; sourceTree = SDKROOT; };
		442472A2161E28CE00756CC3 /* CoreGraphics.framework */ = {isa = PBXFileReference; lastKnownFileType = wrapper.framework; name = CoreGraphics.framework; path = System/Library/Frameworks/CoreGraphics.framework; sourceTree = SDKROOT; };
		442472A6161E28CE00756CC3 /* feastshare-Info.plist */ = {isa = PBXFileReference; lastKnownFileType = text.plist.xml; path = "feastshare-Info.plist"; sourceTree = "<group>"; };
		442472A8161E28CE00756CC3 /* en */ = {isa = PBXFileReference; lastKnownFileType = text.plist.strings; name = en; path = en.lproj/InfoPlist.strings; sourceTree = "<group>"; };
		442472AA161E28CE00756CC3 /* main.m */ = {isa = PBXFileReference; lastKnownFileType = sourcecode.c.objc; path = main.m; sourceTree = "<group>"; };
		442472AC161E28CE00756CC3 /* feastshare-Prefix.pch */ = {isa = PBXFileReference; lastKnownFileType = sourcecode.c.h; path = "feastshare-Prefix.pch"; sourceTree = "<group>"; };
		442472F3161E7C6900756CC3 /* FSAppDelegate.h */ = {isa = PBXFileReference; fileEncoding = 4; lastKnownFileType = sourcecode.c.h; path = FSAppDelegate.h; sourceTree = "<group>"; };
		442472F4161E7C6900756CC3 /* FSAppDelegate.m */ = {isa = PBXFileReference; fileEncoding = 4; lastKnownFileType = sourcecode.c.objc; path = FSAppDelegate.m; sourceTree = "<group>"; };
		442472F5161E7C6900756CC3 /* FSConstants.h */ = {isa = PBXFileReference; fileEncoding = 4; lastKnownFileType = sourcecode.c.h; path = FSConstants.h; sourceTree = "<group>"; };
		442472F6161E7C6900756CC3 /* FSContentChooserViewController.h */ = {isa = PBXFileReference; fileEncoding = 4; lastKnownFileType = sourcecode.c.h; path = FSContentChooserViewController.h; sourceTree = "<group>"; };
		442472F7161E7C6900756CC3 /* FSContentChooserViewController.m */ = {isa = PBXFileReference; fileEncoding = 4; lastKnownFileType = sourcecode.c.objc; path = FSContentChooserViewController.m; sourceTree = "<group>"; };
		442472F8161E7C6900756CC3 /* FSContentChooserViewController.xib */ = {isa = PBXFileReference; fileEncoding = 4; lastKnownFileType = file.xib; path = FSContentChooserViewController.xib; sourceTree = "<group>"; };
		442472F9161E7C6900756CC3 /* FSMessageViewerViewController.h */ = {isa = PBXFileReference; fileEncoding = 4; lastKnownFileType = sourcecode.c.h; path = FSMessageViewerViewController.h; sourceTree = "<group>"; };
		442472FA161E7C6900756CC3 /* FSMessageViewerViewController.m */ = {isa = PBXFileReference; fileEncoding = 4; lastKnownFileType = sourcecode.c.objc; path = FSMessageViewerViewController.m; sourceTree = "<group>"; };
		442472FB161E7C6900756CC3 /* FSMessageViewerViewController.xib */ = {isa = PBXFileReference; fileEncoding = 4; lastKnownFileType = file.xib; path = FSMessageViewerViewController.xib; sourceTree = "<group>"; };
		442472FC161E7C6900756CC3 /* FSMessageWriterViewController.h */ = {isa = PBXFileReference; fileEncoding = 4; lastKnownFileType = sourcecode.c.h; path = FSMessageWriterViewController.h; sourceTree = "<group>"; };
		442472FD161E7C6900756CC3 /* FSMessageWriterViewController.m */ = {isa = PBXFileReference; fileEncoding = 4; lastKnownFileType = sourcecode.c.objc; path = FSMessageWriterViewController.m; sourceTree = "<group>"; };
		442472FE161E7C6900756CC3 /* FSMessageWriterViewController.xib */ = {isa = PBXFileReference; fileEncoding = 4; lastKnownFileType = file.xib; path = FSMessageWriterViewController.xib; sourceTree = "<group>"; };
		442472FF161E7C6900756CC3 /* FSRecipientChooserViewController.h */ = {isa = PBXFileReference; fileEncoding = 4; lastKnownFileType = sourcecode.c.h; path = FSRecipientChooserViewController.h; sourceTree = "<group>"; };
		44247300161E7C6900756CC3 /* FSRecipientChooserViewController.m */ = {isa = PBXFileReference; fileEncoding = 4; lastKnownFileType = sourcecode.c.objc; path = FSRecipientChooserViewController.m; sourceTree = "<group>"; };
		44247301161E7C6900756CC3 /* FSRecipientChooserViewController.xib */ = {isa = PBXFileReference; fileEncoding = 4; lastKnownFileType = file.xib; path = FSRecipientChooserViewController.xib; sourceTree = "<group>"; };
		44247302161E7C6900756CC3 /* FSViewController.h */ = {isa = PBXFileReference; fileEncoding = 4; lastKnownFileType = sourcecode.c.h; path = FSViewController.h; sourceTree = "<group>"; };
		44247303161E7C6900756CC3 /* FSViewController.m */ = {isa = PBXFileReference; fileEncoding = 4; lastKnownFileType = sourcecode.c.objc; path = FSViewController.m; sourceTree = "<group>"; };
		44247304161E7C6900756CC3 /* FSViewController.xib */ = {isa = PBXFileReference; fileEncoding = 4; lastKnownFileType = file.xib; path = FSViewController.xib; sourceTree = "<group>"; };
		44247312161F17FC00756CC3 /* Default-568h@2x.png */ = {isa = PBXFileReference; lastKnownFileType = image.png; path = "Default-568h@2x.png"; sourceTree = "<group>"; };
		44247313161F17FC00756CC3 /* Default.png */ = {isa = PBXFileReference; lastKnownFileType = image.png; path = Default.png; sourceTree = "<group>"; };
		44247314161F17FC00756CC3 /* Default@2x.png */ = {isa = PBXFileReference; lastKnownFileType = image.png; path = "Default@2x.png"; sourceTree = "<group>"; };
		4424731C161F1B7600756CC3 /* QuartzCore.framework */ = {isa = PBXFileReference; lastKnownFileType = wrapper.framework; name = QuartzCore.framework; path = System/Library/Frameworks/QuartzCore.framework; sourceTree = SDKROOT; };
		4424731E161F1D3900756CC3 /* Parse.framework */ = {isa = PBXFileReference; lastKnownFileType = wrapper.framework; path = Parse.framework; sourceTree = SOURCE_ROOT; };
		44247320161F1EA500756CC3 /* libsqlite3.dylib */ = {isa = PBXFileReference; lastKnownFileType = "compiled.mach-o.dylib"; name = libsqlite3.dylib; path = usr/lib/libsqlite3.dylib; sourceTree = SDKROOT; };
		44247322161F1EBD00756CC3 /* Social.framework */ = {isa = PBXFileReference; lastKnownFileType = wrapper.framework; name = Social.framework; path = System/Library/Frameworks/Social.framework; sourceTree = SDKROOT; };
		44247324161F1EE600756CC3 /* MobileCoreServices.framework */ = {isa = PBXFileReference; lastKnownFileType = wrapper.framework; name = MobileCoreServices.framework; path = System/Library/Frameworks/MobileCoreServices.framework; sourceTree = SDKROOT; };
		44247326161F1F2200756CC3 /* libz.1.1.3.dylib */ = {isa = PBXFileReference; lastKnownFileType = "compiled.mach-o.dylib"; name = libz.1.1.3.dylib; path = usr/lib/libz.1.1.3.dylib; sourceTree = SDKROOT; };
		44247328161F1F8100756CC3 /* Security.framework */ = {isa = PBXFileReference; lastKnownFileType = wrapper.framework; name = Security.framework; path = System/Library/Frameworks/Security.framework; sourceTree = SDKROOT; };
		4424732A161F1F9000756CC3 /* AudioToolbox.framework */ = {isa = PBXFileReference; lastKnownFileType = wrapper.framework; name = AudioToolbox.framework; path = System/Library/Frameworks/AudioToolbox.framework; sourceTree = SDKROOT; };
		4424732C161F1F9D00756CC3 /* AdSupport.framework */ = {isa = PBXFileReference; lastKnownFileType = wrapper.framework; name = AdSupport.framework; path = System/Library/Frameworks/AdSupport.framework; sourceTree = SDKROOT; };
		4424732E161F1FAD00756CC3 /* Accounts.framework */ = {isa = PBXFileReference; lastKnownFileType = wrapper.framework; name = Accounts.framework; path = System/Library/Frameworks/Accounts.framework; sourceTree = SDKROOT; };
		44247330161F1FBD00756CC3 /* CFNetwork.framework */ = {isa = PBXFileReference; lastKnownFileType = wrapper.framework; name = CFNetwork.framework; path = System/Library/Frameworks/CFNetwork.framework; sourceTree = SDKROOT; };
		44247332161F1FE900756CC3 /* StoreKit.framework */ = {isa = PBXFileReference; lastKnownFileType = wrapper.framework; name = StoreKit.framework; path = System/Library/Frameworks/StoreKit.framework; sourceTree = SDKROOT; };
		44247335161F21DE00756CC3 /* AppAuthViewController.h */ = {isa = PBXFileReference; fileEncoding = 4; lastKnownFileType = sourcecode.c.h; path = AppAuthViewController.h; sourceTree = "<group>"; };
		44247336161F21DE00756CC3 /* AppAuthViewController.m */ = {isa = PBXFileReference; fileEncoding = 4; lastKnownFileType = sourcecode.c.objc; path = AppAuthViewController.m; sourceTree = "<group>"; };
		44247337161F21DE00756CC3 /* AppAuthViewController.xib */ = {isa = PBXFileReference; fileEncoding = 4; lastKnownFileType = file.xib; path = AppAuthViewController.xib; sourceTree = "<group>"; };
		44247338161F21DE00756CC3 /* FacebookViewController.h */ = {isa = PBXFileReference; fileEncoding = 4; lastKnownFileType = sourcecode.c.h; path = FacebookViewController.h; sourceTree = "<group>"; };
		44247339161F21DE00756CC3 /* FacebookViewController.m */ = {isa = PBXFileReference; fileEncoding = 4; lastKnownFileType = sourcecode.c.objc; path = FacebookViewController.m; sourceTree = "<group>"; };
		4424733A161F21DE00756CC3 /* FacebookViewController.xib */ = {isa = PBXFileReference; fileEncoding = 4; lastKnownFileType = file.xib; path = FacebookViewController.xib; sourceTree = "<group>"; };
		4424733B161F21DE00756CC3 /* FlickrViewController.h */ = {isa = PBXFileReference; fileEncoding = 4; lastKnownFileType = sourcecode.c.h; path = FlickrViewController.h; sourceTree = "<group>"; };
		4424733C161F21DE00756CC3 /* FlickrViewController.m */ = {isa = PBXFileReference; fileEncoding = 4; lastKnownFileType = sourcecode.c.objc; path = FlickrViewController.m; sourceTree = "<group>"; };
		4424733D161F21DE00756CC3 /* FlickrViewController.xib */ = {isa = PBXFileReference; fileEncoding = 4; lastKnownFileType = file.xib; path = FlickrViewController.xib; sourceTree = "<group>"; };
		4424733F161F21DE00756CC3 /* JSON.h */ = {isa = PBXFileReference; fileEncoding = 4; lastKnownFileType = sourcecode.c.h; path = JSON.h; sourceTree = "<group>"; };
		44247340161F21DE00756CC3 /* NSObject+SBJSON.h */ = {isa = PBXFileReference; fileEncoding = 4; lastKnownFileType = sourcecode.c.h; path = "NSObject+SBJSON.h"; sourceTree = "<group>"; };
		44247341161F21DE00756CC3 /* NSObject+SBJSON.m */ = {isa = PBXFileReference; fileEncoding = 4; lastKnownFileType = sourcecode.c.objc; path = "NSObject+SBJSON.m"; sourceTree = "<group>"; };
		44247342161F21DE00756CC3 /* NSString+SBJSON.h */ = {isa = PBXFileReference; fileEncoding = 4; lastKnownFileType = sourcecode.c.h; path = "NSString+SBJSON.h"; sourceTree = "<group>"; };
		44247343161F21DE00756CC3 /* NSString+SBJSON.m */ = {isa = PBXFileReference; fileEncoding = 4; lastKnownFileType = sourcecode.c.objc; path = "NSString+SBJSON.m"; sourceTree = "<group>"; };
		44247344161F21DE00756CC3 /* SBJSON.h */ = {isa = PBXFileReference; fileEncoding = 4; lastKnownFileType = sourcecode.c.h; path = SBJSON.h; sourceTree = "<group>"; };
		44247345161F21DE00756CC3 /* SBJSON.m */ = {isa = PBXFileReference; fileEncoding = 4; lastKnownFileType = sourcecode.c.objc; path = SBJSON.m; sourceTree = "<group>"; };
		44247346161F21DE00756CC3 /* SBJsonBase.h */ = {isa = PBXFileReference; fileEncoding = 4; lastKnownFileType = sourcecode.c.h; path = SBJsonBase.h; sourceTree = "<group>"; };
		44247347161F21DE00756CC3 /* SBJsonBase.m */ = {isa = PBXFileReference; fileEncoding = 4; lastKnownFileType = sourcecode.c.objc; path = SBJsonBase.m; sourceTree = "<group>"; };
		44247348161F21DE00756CC3 /* SBJsonParser.h */ = {isa = PBXFileReference; fileEncoding = 4; lastKnownFileType = sourcecode.c.h; path = SBJsonParser.h; sourceTree = "<group>"; };
		44247349161F21DE00756CC3 /* SBJsonParser.m */ = {isa = PBXFileReference; fileEncoding = 4; lastKnownFileType = sourcecode.c.objc; path = SBJsonParser.m; sourceTree = "<group>"; };
		4424734A161F21DE00756CC3 /* SBJsonWriter.h */ = {isa = PBXFileReference; fileEncoding = 4; lastKnownFileType = sourcecode.c.h; path = SBJsonWriter.h; sourceTree = "<group>"; };
		4424734B161F21DE00756CC3 /* SBJsonWriter.m */ = {isa = PBXFileReference; fileEncoding = 4; lastKnownFileType = sourcecode.c.objc; path = SBJsonWriter.m; sourceTree = "<group>"; };
		4424734C161F21DE00756CC3 /* TwitterViewController.h */ = {isa = PBXFileReference; fileEncoding = 4; lastKnownFileType = sourcecode.c.h; path = TwitterViewController.h; sourceTree = "<group>"; };
		4424734D161F21DE00756CC3 /* TwitterViewController.m */ = {isa = PBXFileReference; fileEncoding = 4; lastKnownFileType = sourcecode.c.objc; path = TwitterViewController.m; sourceTree = "<group>"; };
		4424734E161F21DE00756CC3 /* TwitterViewController.xib */ = {isa = PBXFileReference; fileEncoding = 4; lastKnownFileType = file.xib; path = TwitterViewController.xib; sourceTree = "<group>"; };
		4424735D161F254500756CC3 /* FSMessageSenderViewController.h */ = {isa = PBXFileReference; fileEncoding = 4; lastKnownFileType = sourcecode.c.h; path = FSMessageSenderViewController.h; sourceTree = "<group>"; };
		4424735E161F254500756CC3 /* FSMessageSenderViewController.m */ = {isa = PBXFileReference; fileEncoding = 4; lastKnownFileType = sourcecode.c.objc; path = FSMessageSenderViewController.m; sourceTree = "<group>"; };
		4424735F161F254500756CC3 /* FSMessageSenderViewController.xib */ = {isa = PBXFileReference; fileEncoding = 4; lastKnownFileType = file.xib; path = FSMessageSenderViewController.xib; sourceTree = "<group>"; };
		443F580E161F5C5300405E23 /* SVProgressHUD.bundle */ = {isa = PBXFileReference; lastKnownFileType = "wrapper.plug-in"; path = SVProgressHUD.bundle; sourceTree = "<group>"; };
		443F580F161F5C5300405E23 /* SVProgressHUD.h */ = {isa = PBXFileReference; fileEncoding = 4; lastKnownFileType = sourcecode.c.h; path = SVProgressHUD.h; sourceTree = "<group>"; };
		443F5810161F5C5300405E23 /* SVProgressHUD.m */ = {isa = PBXFileReference; fileEncoding = 4; lastKnownFileType = sourcecode.c.objc; path = SVProgressHUD.m; sourceTree = "<group>"; };
		443F5814161F5EF400405E23 /* 02_add_content_page.png */ = {isa = PBXFileReference; lastKnownFileType = image.png; path = 02_add_content_page.png; sourceTree = "<group>"; };
		443F5816161F64A500405E23 /* minis_dog.jpg */ = {isa = PBXFileReference; lastKnownFileType = image.jpeg; path = minis_dog.jpg; sourceTree = "<group>"; };
		449F4F7A161F4DDD000CEA32 /* FSRecipientCell.xib */ = {isa = PBXFileReference; fileEncoding = 4; lastKnownFileType = file.xib; path = FSRecipientCell.xib; sourceTree = "<group>"; };
		449F4F7C161F519F000CEA32 /* add_recipient.png */ = {isa = PBXFileReference; lastKnownFileType = image.png; path = add_recipient.png; sourceTree = "<group>"; };
		449F4F7D161F519F000CEA32 /* polaroids_image_01.png */ = {isa = PBXFileReference; lastKnownFileType = image.png; path = polaroids_image_01.png; sourceTree = "<group>"; };
		449F4F7E161F519F000CEA32 /* polaroids_image_02.png */ = {isa = PBXFileReference; lastKnownFileType = image.png; path = polaroids_image_02.png; sourceTree = "<group>"; };
		449F4F7F161F519F000CEA32 /* polaroids_image_03.png */ = {isa = PBXFileReference; lastKnownFileType = image.png; path = polaroids_image_03.png; sourceTree = "<group>"; };
		449F4F80161F519F000CEA32 /* steps_header_01.png */ = {isa = PBXFileReference; lastKnownFileType = image.png; path = steps_header_01.png; sourceTree = "<group>"; };
		449F4F81161F519F000CEA32 /* steps_header_02.png */ = {isa = PBXFileReference; lastKnownFileType = image.png; path = steps_header_02.png; sourceTree = "<group>"; };
		449F4F82161F519F000CEA32 /* steps_header_03.png */ = {isa = PBXFileReference; lastKnownFileType = image.png; path = steps_header_03.png; sourceTree = "<group>"; };
		449F4F83161F519F000CEA32 /* title_pick_recipient.png */ = {isa = PBXFileReference; lastKnownFileType = image.png; path = title_pick_recipient.png; sourceTree = "<group>"; };
		449F4F84161F519F000CEA32 /* title_add_content.png */ = {isa = PBXFileReference; lastKnownFileType = image.png; path = title_add_content.png; sourceTree = "<group>"; };
		449F4F85161F519F000CEA32 /* title_make_album.png */ = {isa = PBXFileReference; lastKnownFileType = image.png; path = title_make_album.png; sourceTree = "<group>"; };
		44C35D2D161F385D00472009 /* background.png */ = {isa = PBXFileReference; lastKnownFileType = image.png; path = background.png; sourceTree = "<group>"; };
		44EA71A4161F2AF1008B3C22 /* molly_me.jpeg */ = {isa = PBXFileReference; lastKnownFileType = image.jpeg; path = molly_me.jpeg; sourceTree = "<group>"; };
		60CD0CA4161E495B00EC03DE /* Twitter.framework */ = {isa = PBXFileReference; lastKnownFileType = wrapper.framework; name = Twitter.framework; path = System/Library/Frameworks/Twitter.framework; sourceTree = SDKROOT; };
/* End PBXFileReference section */

/* Begin PBXFrameworksBuildPhase section */
		44247297161E28CE00756CC3 /* Frameworks */ = {
			isa = PBXFrameworksBuildPhase;
			buildActionMask = 2147483647;
			files = (
				44247333161F1FE900756CC3 /* StoreKit.framework in Frameworks */,
				44247331161F1FBD00756CC3 /* CFNetwork.framework in Frameworks */,
				4424732F161F1FAD00756CC3 /* Accounts.framework in Frameworks */,
				4424732D161F1F9E00756CC3 /* AdSupport.framework in Frameworks */,
				4424732B161F1F9000756CC3 /* AudioToolbox.framework in Frameworks */,
				44247329161F1F8100756CC3 /* Security.framework in Frameworks */,
				44247323161F1EBD00756CC3 /* Social.framework in Frameworks */,
				44247327161F1F2200756CC3 /* libz.1.1.3.dylib in Frameworks */,
				44247325161F1EE600756CC3 /* MobileCoreServices.framework in Frameworks */,
				44247321161F1EA500756CC3 /* libsqlite3.dylib in Frameworks */,
				4424731D161F1B7600756CC3 /* QuartzCore.framework in Frameworks */,
				4424731A161F1AAE00756CC3 /* SystemConfiguration.framework in Frameworks */,
				60CD0CA5161E495B00EC03DE /* Twitter.framework in Frameworks */,
				4424729F161E28CE00756CC3 /* UIKit.framework in Frameworks */,
				442472A1161E28CE00756CC3 /* Foundation.framework in Frameworks */,
				442472A3161E28CE00756CC3 /* CoreGraphics.framework in Frameworks */,
				4424731F161F1D3900756CC3 /* Parse.framework in Frameworks */,
			);
			runOnlyForDeploymentPostprocessing = 0;
		};
/* End PBXFrameworksBuildPhase section */

/* Begin PBXGroup section */
		4424728F161E28CE00756CC3 = {
			isa = PBXGroup;
			children = (
				442472A4161E28CE00756CC3 /* feastshare */,
				4424729D161E28CE00756CC3 /* Frameworks */,
				4424729B161E28CE00756CC3 /* Products */,
			);
			sourceTree = "<group>";
		};
		4424729B161E28CE00756CC3 /* Products */ = {
			isa = PBXGroup;
			children = (
				4424729A161E28CE00756CC3 /* feastshare.app */,
			);
			name = Products;
			sourceTree = "<group>";
		};
		4424729D161E28CE00756CC3 /* Frameworks */ = {
			isa = PBXGroup;
			children = (
				44247332161F1FE900756CC3 /* StoreKit.framework */,
				44247330161F1FBD00756CC3 /* CFNetwork.framework */,
				4424732E161F1FAD00756CC3 /* Accounts.framework */,
				4424732C161F1F9D00756CC3 /* AdSupport.framework */,
				4424732A161F1F9000756CC3 /* AudioToolbox.framework */,
				44247328161F1F8100756CC3 /* Security.framework */,
				44247326161F1F2200756CC3 /* libz.1.1.3.dylib */,
				44247324161F1EE600756CC3 /* MobileCoreServices.framework */,
				44247322161F1EBD00756CC3 /* Social.framework */,
				44247320161F1EA500756CC3 /* libsqlite3.dylib */,
				4424731C161F1B7600756CC3 /* QuartzCore.framework */,
				60CD0CA4161E495B00EC03DE /* Twitter.framework */,
				4424731E161F1D3900756CC3 /* Parse.framework */,
				3731DAD6161E390200055B11 /* SystemConfiguration.framework */,
				4424729E161E28CE00756CC3 /* UIKit.framework */,
				442472A0161E28CE00756CC3 /* Foundation.framework */,
				442472A2161E28CE00756CC3 /* CoreGraphics.framework */,
			);
			name = Frameworks;
			sourceTree = "<group>";
		};
		442472A4161E28CE00756CC3 /* feastshare */ = {
			isa = PBXGroup;
			children = (
				44247311161F17FC00756CC3 /* images */,
				442472F2161E7C6900756CC3 /* classes */,
				442472A5161E28CE00756CC3 /* Supporting Files */,
			);
			path = feastshare;
			sourceTree = "<group>";
		};
		442472A5161E28CE00756CC3 /* Supporting Files */ = {
			isa = PBXGroup;
			children = (
				442472A6161E28CE00756CC3 /* feastshare-Info.plist */,
				442472A7161E28CE00756CC3 /* InfoPlist.strings */,
				442472AA161E28CE00756CC3 /* main.m */,
				442472AC161E28CE00756CC3 /* feastshare-Prefix.pch */,
			);
			name = "Supporting Files";
			sourceTree = "<group>";
		};
		442472F2161E7C6900756CC3 /* classes */ = {
			isa = PBXGroup;
			children = (
				443F580D161F5C5300405E23 /* SVProgressHUD */,
				44247334161F21DE00756CC3 /* social */,
				442472F5161E7C6900756CC3 /* FSConstants.h */,
				442472F3161E7C6900756CC3 /* FSAppDelegate.h */,
				442472F4161E7C6900756CC3 /* FSAppDelegate.m */,
				44247302161E7C6900756CC3 /* FSViewController.h */,
				44247303161E7C6900756CC3 /* FSViewController.m */,
				44247304161E7C6900756CC3 /* FSViewController.xib */,
				442472FF161E7C6900756CC3 /* FSRecipientChooserViewController.h */,
				44247300161E7C6900756CC3 /* FSRecipientChooserViewController.m */,
				44247301161E7C6900756CC3 /* FSRecipientChooserViewController.xib */,
				442472F6161E7C6900756CC3 /* FSContentChooserViewController.h */,
				442472F7161E7C6900756CC3 /* FSContentChooserViewController.m */,
				442472F8161E7C6900756CC3 /* FSContentChooserViewController.xib */,
				442472FC161E7C6900756CC3 /* FSMessageWriterViewController.h */,
				442472FD161E7C6900756CC3 /* FSMessageWriterViewController.m */,
				442472FE161E7C6900756CC3 /* FSMessageWriterViewController.xib */,
				4424735D161F254500756CC3 /* FSMessageSenderViewController.h */,
				4424735E161F254500756CC3 /* FSMessageSenderViewController.m */,
				4424735F161F254500756CC3 /* FSMessageSenderViewController.xib */,
				442472F9161E7C6900756CC3 /* FSMessageViewerViewController.h */,
				442472FA161E7C6900756CC3 /* FSMessageViewerViewController.m */,
				442472FB161E7C6900756CC3 /* FSMessageViewerViewController.xib */,
				449F4F7A161F4DDD000CEA32 /* FSRecipientCell.xib */,
			);
			path = classes;
			sourceTree = "<group>";
		};
		44247311161F17FC00756CC3 /* images */ = {
			isa = PBXGroup;
			children = (
				443F5816161F64A500405E23 /* minis_dog.jpg */,
				443F5814161F5EF400405E23 /* 02_add_content_page.png */,
				37451F60161F6C880032BAA3 /* make_album_dog_image.png */,
				37451F62161F6CA20032BAA3 /* messagebook.png */,
				449F4F7C161F519F000CEA32 /* add_recipient.png */,
				37451F5D161F683B0032BAA3 /* unlock_message.png */,
				449F4F7D161F519F000CEA32 /* polaroids_image_01.png */,
				449F4F7E161F519F000CEA32 /* polaroids_image_02.png */,
				449F4F7F161F519F000CEA32 /* polaroids_image_03.png */,
				449F4F80161F519F000CEA32 /* steps_header_01.png */,
				449F4F81161F519F000CEA32 /* steps_header_02.png */,
				449F4F82161F519F000CEA32 /* steps_header_03.png */,
				449F4F83161F519F000CEA32 /* title_pick_recipient.png */,
				449F4F84161F519F000CEA32 /* title_add_content.png */,
				449F4F85161F519F000CEA32 /* title_make_album.png */,
				44C35D2D161F385D00472009 /* background.png */,
				37FECE5B161F2B3600BAA84F /* fry.png */,
				44247312161F17FC00756CC3 /* Default-568h@2x.png */,
				44247313161F17FC00756CC3 /* Default.png */,
				44247314161F17FC00756CC3 /* Default@2x.png */,
				44EA71A4161F2AF1008B3C22 /* molly_me.jpeg */,
			);
			path = images;
			sourceTree = "<group>";
		};
		44247334161F21DE00756CC3 /* social */ = {
			isa = PBXGroup;
			children = (
				44247335161F21DE00756CC3 /* AppAuthViewController.h */,
				44247336161F21DE00756CC3 /* AppAuthViewController.m */,
				44247337161F21DE00756CC3 /* AppAuthViewController.xib */,
				44247338161F21DE00756CC3 /* FacebookViewController.h */,
				44247339161F21DE00756CC3 /* FacebookViewController.m */,
				4424733A161F21DE00756CC3 /* FacebookViewController.xib */,
				4424733B161F21DE00756CC3 /* FlickrViewController.h */,
				4424733C161F21DE00756CC3 /* FlickrViewController.m */,
				4424733D161F21DE00756CC3 /* FlickrViewController.xib */,
				4424733E161F21DE00756CC3 /* json */,
				4424734C161F21DE00756CC3 /* TwitterViewController.h */,
				4424734D161F21DE00756CC3 /* TwitterViewController.m */,
				4424734E161F21DE00756CC3 /* TwitterViewController.xib */,
			);
			path = social;
			sourceTree = "<group>";
		};
		4424733E161F21DE00756CC3 /* json */ = {
			isa = PBXGroup;
			children = (
				4424733F161F21DE00756CC3 /* JSON.h */,
				44247340161F21DE00756CC3 /* NSObject+SBJSON.h */,
				44247341161F21DE00756CC3 /* NSObject+SBJSON.m */,
				44247342161F21DE00756CC3 /* NSString+SBJSON.h */,
				44247343161F21DE00756CC3 /* NSString+SBJSON.m */,
				44247344161F21DE00756CC3 /* SBJSON.h */,
				44247345161F21DE00756CC3 /* SBJSON.m */,
				44247346161F21DE00756CC3 /* SBJsonBase.h */,
				44247347161F21DE00756CC3 /* SBJsonBase.m */,
				44247348161F21DE00756CC3 /* SBJsonParser.h */,
				44247349161F21DE00756CC3 /* SBJsonParser.m */,
				4424734A161F21DE00756CC3 /* SBJsonWriter.h */,
				4424734B161F21DE00756CC3 /* SBJsonWriter.m */,
			);
			path = json;
			sourceTree = "<group>";
		};
		443F580D161F5C5300405E23 /* SVProgressHUD */ = {
			isa = PBXGroup;
			children = (
				443F580E161F5C5300405E23 /* SVProgressHUD.bundle */,
				443F580F161F5C5300405E23 /* SVProgressHUD.h */,
				443F5810161F5C5300405E23 /* SVProgressHUD.m */,
			);
			path = SVProgressHUD;
			sourceTree = "<group>";
		};
/* End PBXGroup section */

/* Begin PBXNativeTarget section */
		44247299161E28CE00756CC3 /* feastshare */ = {
			isa = PBXNativeTarget;
			buildConfigurationList = 442472BE161E28CE00756CC3 /* Build configuration list for PBXNativeTarget "feastshare" */;
			buildPhases = (
				44247296161E28CE00756CC3 /* Sources */,
				44247297161E28CE00756CC3 /* Frameworks */,
				44247298161E28CE00756CC3 /* Resources */,
			);
			buildRules = (
			);
			dependencies = (
			);
			name = feastshare;
			productName = feastshare;
			productReference = 4424729A161E28CE00756CC3 /* feastshare.app */;
			productType = "com.apple.product-type.application";
		};
/* End PBXNativeTarget section */

/* Begin PBXProject section */
		44247291161E28CE00756CC3 /* Project object */ = {
			isa = PBXProject;
			attributes = {
				CLASSPREFIX = FS;
				LastUpgradeCheck = 0450;
				ORGANIZATIONNAME = Feast;
			};
			buildConfigurationList = 44247294161E28CE00756CC3 /* Build configuration list for PBXProject "feastshare" */;
			compatibilityVersion = "Xcode 3.2";
			developmentRegion = English;
			hasScannedForEncodings = 0;
			knownRegions = (
				en,
			);
			mainGroup = 4424728F161E28CE00756CC3;
			productRefGroup = 4424729B161E28CE00756CC3 /* Products */;
			projectDirPath = "";
			projectRoot = "";
			targets = (
				44247299161E28CE00756CC3 /* feastshare */,
			);
		};
/* End PBXProject section */

/* Begin PBXResourcesBuildPhase section */
		44247298161E28CE00756CC3 /* Resources */ = {
			isa = PBXResourcesBuildPhase;
			buildActionMask = 2147483647;
			files = (
				442472A9161E28CE00756CC3 /* InfoPlist.strings in Resources */,
				44247307161E7C6900756CC3 /* FSContentChooserViewController.xib in Resources */,
				44247309161E7C6900756CC3 /* FSMessageViewerViewController.xib in Resources */,
				4424730B161E7C6900756CC3 /* FSMessageWriterViewController.xib in Resources */,
				4424730D161E7C6900756CC3 /* FSRecipientChooserViewController.xib in Resources */,
				4424730F161E7C6900756CC3 /* FSViewController.xib in Resources */,
				44247315161F17FC00756CC3 /* Default-568h@2x.png in Resources */,
				44247316161F17FC00756CC3 /* Default.png in Resources */,
				44247317161F17FC00756CC3 /* Default@2x.png in Resources */,
				44247350161F21DE00756CC3 /* AppAuthViewController.xib in Resources */,
				44247352161F21DE00756CC3 /* FacebookViewController.xib in Resources */,
				44247354161F21DE00756CC3 /* FlickrViewController.xib in Resources */,
				4424735C161F21DE00756CC3 /* TwitterViewController.xib in Resources */,
				44247361161F254500756CC3 /* FSMessageSenderViewController.xib in Resources */,
				44EA71A5161F2AF1008B3C22 /* molly_me.jpeg in Resources */,
				37FECE5C161F2B3600BAA84F /* fry.png in Resources */,
				44C35D2E161F385D00472009 /* background.png in Resources */,
				449F4F7B161F4DDD000CEA32 /* FSRecipientCell.xib in Resources */,
				449F4F86161F519F000CEA32 /* add_recipient.png in Resources */,
				449F4F87161F519F000CEA32 /* polaroids_image_01.png in Resources */,
				449F4F88161F519F000CEA32 /* polaroids_image_02.png in Resources */,
				449F4F89161F519F000CEA32 /* polaroids_image_03.png in Resources */,
				449F4F8A161F519F000CEA32 /* steps_header_01.png in Resources */,
				449F4F8B161F519F000CEA32 /* steps_header_02.png in Resources */,
				449F4F8C161F519F000CEA32 /* steps_header_03.png in Resources */,
				449F4F8D161F519F000CEA32 /* title_pick_recipient.png in Resources */,
				449F4F8E161F519F000CEA32 /* title_add_content.png in Resources */,
				449F4F8F161F519F000CEA32 /* title_make_album.png in Resources */,
				443F5811161F5C5300405E23 /* SVProgressHUD.bundle in Resources */,
				443F5815161F5EF500405E23 /* 02_add_content_page.png in Resources */,
				443F5817161F64A500405E23 /* minis_dog.jpg in Resources */,
				37451F5E161F683B0032BAA3 /* unlock_message.png in Resources */,
				37451F61161F6C880032BAA3 /* make_album_dog_image.png in Resources */,
				37451F63161F6CA20032BAA3 /* messagebook.png in Resources */,
			);
			runOnlyForDeploymentPostprocessing = 0;
		};
/* End PBXResourcesBuildPhase section */

/* Begin PBXSourcesBuildPhase section */
		44247296161E28CE00756CC3 /* Sources */ = {
			isa = PBXSourcesBuildPhase;
			buildActionMask = 2147483647;
			files = (
				442472AB161E28CE00756CC3 /* main.m in Sources */,
				44247305161E7C6900756CC3 /* FSAppDelegate.m in Sources */,
				44247306161E7C6900756CC3 /* FSContentChooserViewController.m in Sources */,
				44247308161E7C6900756CC3 /* FSMessageViewerViewController.m in Sources */,
				4424730A161E7C6900756CC3 /* FSMessageWriterViewController.m in Sources */,
				4424730C161E7C6900756CC3 /* FSRecipientChooserViewController.m in Sources */,
				4424730E161E7C6900756CC3 /* FSViewController.m in Sources */,
				4424734F161F21DE00756CC3 /* AppAuthViewController.m in Sources */,
				44247351161F21DE00756CC3 /* FacebookViewController.m in Sources */,
				44247353161F21DE00756CC3 /* FlickrViewController.m in Sources */,
				44247355161F21DE00756CC3 /* NSObject+SBJSON.m in Sources */,
				44247356161F21DE00756CC3 /* NSString+SBJSON.m in Sources */,
				44247357161F21DE00756CC3 /* SBJSON.m in Sources */,
				44247358161F21DE00756CC3 /* SBJsonBase.m in Sources */,
				44247359161F21DE00756CC3 /* SBJsonParser.m in Sources */,
				4424735A161F21DE00756CC3 /* SBJsonWriter.m in Sources */,
				4424735B161F21DE00756CC3 /* TwitterViewController.m in Sources */,
				44247360161F254500756CC3 /* FSMessageSenderViewController.m in Sources */,
				443F5812161F5C5300405E23 /* SVProgressHUD.m in Sources */,
			);
			runOnlyForDeploymentPostprocessing = 0;
		};
/* End PBXSourcesBuildPhase section */

/* Begin PBXVariantGroup section */
		442472A7161E28CE00756CC3 /* InfoPlist.strings */ = {
			isa = PBXVariantGroup;
			children = (
				442472A8161E28CE00756CC3 /* en */,
			);
			name = InfoPlist.strings;
			sourceTree = "<group>";
		};
/* End PBXVariantGroup section */

/* Begin XCBuildConfiguration section */
		442472BC161E28CE00756CC3 /* Debug */ = {
			isa = XCBuildConfiguration;
			buildSettings = {
				ALWAYS_SEARCH_USER_PATHS = NO;
				CLANG_CXX_LANGUAGE_STANDARD = "gnu++0x";
				CLANG_CXX_LIBRARY = "libc++";
				CLANG_ENABLE_OBJC_ARC = YES;
				CLANG_WARN_EMPTY_BODY = YES;
				CLANG_WARN__DUPLICATE_METHOD_MATCH = YES;
				"CODE_SIGN_IDENTITY[sdk=iphoneos*]" = "iPhone Developer";
				COPY_PHASE_STRIP = NO;
				GCC_C_LANGUAGE_STANDARD = gnu99;
				GCC_DYNAMIC_NO_PIC = NO;
				GCC_OPTIMIZATION_LEVEL = 0;
				GCC_PREPROCESSOR_DEFINITIONS = (
					"DEBUG=1",
					"$(inherited)",
				);
				GCC_SYMBOLS_PRIVATE_EXTERN = NO;
				GCC_WARN_ABOUT_RETURN_TYPE = YES;
				GCC_WARN_UNINITIALIZED_AUTOS = YES;
				GCC_WARN_UNUSED_VARIABLE = YES;
				IPHONEOS_DEPLOYMENT_TARGET = 6.0;
				SDKROOT = iphoneos;
				TARGETED_DEVICE_FAMILY = 2;
			};
			name = Debug;
		};
		442472BD161E28CE00756CC3 /* Release */ = {
			isa = XCBuildConfiguration;
			buildSettings = {
				ALWAYS_SEARCH_USER_PATHS = NO;
				CLANG_CXX_LANGUAGE_STANDARD = "gnu++0x";
				CLANG_CXX_LIBRARY = "libc++";
				CLANG_ENABLE_OBJC_ARC = YES;
				CLANG_WARN_EMPTY_BODY = YES;
				CLANG_WARN__DUPLICATE_METHOD_MATCH = YES;
				"CODE_SIGN_IDENTITY[sdk=iphoneos*]" = "iPhone Developer";
				COPY_PHASE_STRIP = YES;
				GCC_C_LANGUAGE_STANDARD = gnu99;
				GCC_WARN_ABOUT_RETURN_TYPE = YES;
				GCC_WARN_UNINITIALIZED_AUTOS = YES;
				GCC_WARN_UNUSED_VARIABLE = YES;
				IPHONEOS_DEPLOYMENT_TARGET = 6.0;
				OTHER_CFLAGS = "-DNS_BLOCK_ASSERTIONS=1";
				SDKROOT = iphoneos;
				TARGETED_DEVICE_FAMILY = 2;
				VALIDATE_PRODUCT = YES;
			};
			name = Release;
		};
		442472BF161E28CE00756CC3 /* Debug */ = {
			isa = XCBuildConfiguration;
			buildSettings = {
				FRAMEWORK_SEARCH_PATHS = (
					"$(inherited)",
					"\"$(SRCROOT)\"",
					"\"$(SRCROOT)/feastshare\"",
				);
				GCC_PRECOMPILE_PREFIX_HEADER = YES;
				GCC_PREFIX_HEADER = "feastshare/feastshare-Prefix.pch";
				INFOPLIST_FILE = "feastshare/feastshare-Info.plist";
				IPHONEOS_DEPLOYMENT_TARGET = 5.0;
				PRODUCT_NAME = "$(TARGET_NAME)";
				WRAPPER_EXTENSION = app;
			};
			name = Debug;
		};
		442472C0161E28CE00756CC3 /* Release */ = {
			isa = XCBuildConfiguration;
			buildSettings = {
				FRAMEWORK_SEARCH_PATHS = (
					"$(inherited)",
					"\"$(SRCROOT)\"",
					"\"$(SRCROOT)/feastshare\"",
				);
				GCC_PRECOMPILE_PREFIX_HEADER = YES;
				GCC_PREFIX_HEADER = "feastshare/feastshare-Prefix.pch";
				INFOPLIST_FILE = "feastshare/feastshare-Info.plist";
				IPHONEOS_DEPLOYMENT_TARGET = 5.0;
				PRODUCT_NAME = "$(TARGET_NAME)";
				WRAPPER_EXTENSION = app;
			};
			name = Release;
		};
/* End XCBuildConfiguration section */

/* Begin XCConfigurationList section */
		44247294161E28CE00756CC3 /* Build configuration list for PBXProject "feastshare" */ = {
			isa = XCConfigurationList;
			buildConfigurations = (
				442472BC161E28CE00756CC3 /* Debug */,
				442472BD161E28CE00756CC3 /* Release */,
			);
			defaultConfigurationIsVisible = 0;
			defaultConfigurationName = Release;
		};
		442472BE161E28CE00756CC3 /* Build configuration list for PBXNativeTarget "feastshare" */ = {
			isa = XCConfigurationList;
			buildConfigurations = (
				442472BF161E28CE00756CC3 /* Debug */,
				442472C0161E28CE00756CC3 /* Release */,
			);
			defaultConfigurationIsVisible = 0;
			defaultConfigurationName = Release;
		};
/* End XCConfigurationList section */
	};
	rootObject = 44247291161E28CE00756CC3 /* Project object */;
}
