// !$*UTF8*$!
{
	archiveVersion = 1;
	classes = {
	};
	objectVersion = 46;
	objects = {

/* Begin PBXBuildFile section */
		4424729F161E28CE00756CC3 /* UIKit.framework in Frameworks */ = {isa = PBXBuildFile; fileRef = 4424729E161E28CE00756CC3 /* UIKit.framework */; };
		442472A1161E28CE00756CC3 /* Foundation.framework in Frameworks */ = {isa = PBXBuildFile; fileRef = 442472A0161E28CE00756CC3 /* Foundation.framework */; };
		442472A3161E28CE00756CC3 /* CoreGraphics.framework in Frameworks */ = {isa = PBXBuildFile; fileRef = 442472A2161E28CE00756CC3 /* CoreGraphics.framework */; };
		442472A9161E28CE00756CC3 /* InfoPlist.strings in Resources */ = {isa = PBXBuildFile; fileRef = 442472A7161E28CE00756CC3 /* InfoPlist.strings */; };
		442472AB161E28CE00756CC3 /* main.m in Sources */ = {isa = PBXBuildFile; fileRef = 442472AA161E28CE00756CC3 /* main.m */; };
		442472AF161E28CE00756CC3 /* FSAppDelegate.m in Sources */ = {isa = PBXBuildFile; fileRef = 442472AE161E28CE00756CC3 /* FSAppDelegate.m */; };
		442472B1161E28CE00756CC3 /* Default.png in Resources */ = {isa = PBXBuildFile; fileRef = 442472B0161E28CE00756CC3 /* Default.png */; };
		442472B3161E28CE00756CC3 /* Default@2x.png in Resources */ = {isa = PBXBuildFile; fileRef = 442472B2161E28CE00756CC3 /* Default@2x.png */; };
		442472B5161E28CE00756CC3 /* Default-568h@2x.png in Resources */ = {isa = PBXBuildFile; fileRef = 442472B4161E28CE00756CC3 /* Default-568h@2x.png */; };
		442472B8161E28CE00756CC3 /* FSViewController.m in Sources */ = {isa = PBXBuildFile; fileRef = 442472B7161E28CE00756CC3 /* FSViewController.m */; };
		442472BB161E28CE00756CC3 /* FSViewController.xib in Resources */ = {isa = PBXBuildFile; fileRef = 442472B9161E28CE00756CC3 /* FSViewController.xib */; };
		6003C56C161E4DC200CE4032 /* NSObject+SBJSON.m in Sources */ = {isa = PBXBuildFile; fileRef = 6003C561161E4DC200CE4032 /* NSObject+SBJSON.m */; };
		6003C56D161E4DC200CE4032 /* NSString+SBJSON.m in Sources */ = {isa = PBXBuildFile; fileRef = 6003C563161E4DC200CE4032 /* NSString+SBJSON.m */; };
		6003C56E161E4DC200CE4032 /* SBJSON.m in Sources */ = {isa = PBXBuildFile; fileRef = 6003C565161E4DC200CE4032 /* SBJSON.m */; };
		6003C56F161E4DC200CE4032 /* SBJsonBase.m in Sources */ = {isa = PBXBuildFile; fileRef = 6003C567161E4DC200CE4032 /* SBJsonBase.m */; };
		6003C570161E4DC200CE4032 /* SBJsonParser.m in Sources */ = {isa = PBXBuildFile; fileRef = 6003C569161E4DC200CE4032 /* SBJsonParser.m */; };
		6003C571161E4DC200CE4032 /* SBJsonWriter.m in Sources */ = {isa = PBXBuildFile; fileRef = 6003C56B161E4DC200CE4032 /* SBJsonWriter.m */; };
		602EE38F161E39860024D6E0 /* AppAuthViewController.m in Sources */ = {isa = PBXBuildFile; fileRef = 602EE38D161E39860024D6E0 /* AppAuthViewController.m */; };
		602EE390161E39860024D6E0 /* AppAuthViewController.xib in Resources */ = {isa = PBXBuildFile; fileRef = 602EE38E161E39860024D6E0 /* AppAuthViewController.xib */; };
		602EE3A1161E43620024D6E0 /* TwitterViewController.m in Sources */ = {isa = PBXBuildFile; fileRef = 602EE39F161E43620024D6E0 /* TwitterViewController.m */; };
		602EE3A2161E43620024D6E0 /* TwitterViewController.xib in Resources */ = {isa = PBXBuildFile; fileRef = 602EE3A0161E43620024D6E0 /* TwitterViewController.xib */; };
		602EE3A6161E43740024D6E0 /* FlickrViewController.m in Sources */ = {isa = PBXBuildFile; fileRef = 602EE3A4161E43740024D6E0 /* FlickrViewController.m */; };
		602EE3A7161E43740024D6E0 /* FlickrViewController.xib in Resources */ = {isa = PBXBuildFile; fileRef = 602EE3A5161E43740024D6E0 /* FlickrViewController.xib */; };
		602EE3AB161E43840024D6E0 /* FacebookViewController.m in Sources */ = {isa = PBXBuildFile; fileRef = 602EE3A9161E43840024D6E0 /* FacebookViewController.m */; };
		602EE3AC161E43840024D6E0 /* FacebookViewController.xib in Resources */ = {isa = PBXBuildFile; fileRef = 602EE3AA161E43840024D6E0 /* FacebookViewController.xib */; };
		60CD0CA5161E495B00EC03DE /* Twitter.framework in Frameworks */ = {isa = PBXBuildFile; fileRef = 60CD0CA4161E495B00EC03DE /* Twitter.framework */; };
/* End PBXBuildFile section */

/* Begin PBXFileReference section */
		4424729A161E28CE00756CC3 /* feastshare.app */ = {isa = PBXFileReference; explicitFileType = wrapper.application; includeInIndex = 0; path = feastshare.app; sourceTree = BUILT_PRODUCTS_DIR; };
		4424729E161E28CE00756CC3 /* UIKit.framework */ = {isa = PBXFileReference; lastKnownFileType = wrapper.framework; name = UIKit.framework; path = System/Library/Frameworks/UIKit.framework; sourceTree = SDKROOT; };
		442472A0161E28CE00756CC3 /* Foundation.framework */ = {isa = PBXFileReference; lastKnownFileType = wrapper.framework; name = Foundation.framework; path = System/Library/Frameworks/Foundation.framework; sourceTree = SDKROOT; };
		442472A2161E28CE00756CC3 /* CoreGraphics.framework */ = {isa = PBXFileReference; lastKnownFileType = wrapper.framework; name = CoreGraphics.framework; path = System/Library/Frameworks/CoreGraphics.framework; sourceTree = SDKROOT; };
		442472A6161E28CE00756CC3 /* feastshare-Info.plist */ = {isa = PBXFileReference; lastKnownFileType = text.plist.xml; path = "feastshare-Info.plist"; sourceTree = "<group>"; };
		442472A8161E28CE00756CC3 /* en */ = {isa = PBXFileReference; lastKnownFileType = text.plist.strings; name = en; path = en.lproj/InfoPlist.strings; sourceTree = "<group>"; };
		442472AA161E28CE00756CC3 /* main.m */ = {isa = PBXFileReference; lastKnownFileType = sourcecode.c.objc; path = main.m; sourceTree = "<group>"; };
		442472AC161E28CE00756CC3 /* feastshare-Prefix.pch */ = {isa = PBXFileReference; lastKnownFileType = sourcecode.c.h; path = "feastshare-Prefix.pch"; sourceTree = "<group>"; };
		442472AD161E28CE00756CC3 /* FSAppDelegate.h */ = {isa = PBXFileReference; lastKnownFileType = sourcecode.c.h; path = FSAppDelegate.h; sourceTree = "<group>"; };
		442472AE161E28CE00756CC3 /* FSAppDelegate.m */ = {isa = PBXFileReference; lastKnownFileType = sourcecode.c.objc; path = FSAppDelegate.m; sourceTree = "<group>"; };
		442472B0161E28CE00756CC3 /* Default.png */ = {isa = PBXFileReference; lastKnownFileType = image.png; path = Default.png; sourceTree = "<group>"; };
		442472B2161E28CE00756CC3 /* Default@2x.png */ = {isa = PBXFileReference; lastKnownFileType = image.png; path = "Default@2x.png"; sourceTree = "<group>"; };
		442472B4161E28CE00756CC3 /* Default-568h@2x.png */ = {isa = PBXFileReference; lastKnownFileType = image.png; path = "Default-568h@2x.png"; sourceTree = "<group>"; };
		442472B6161E28CE00756CC3 /* FSViewController.h */ = {isa = PBXFileReference; lastKnownFileType = sourcecode.c.h; path = FSViewController.h; sourceTree = "<group>"; };
		442472B7161E28CE00756CC3 /* FSViewController.m */ = {isa = PBXFileReference; lastKnownFileType = sourcecode.c.objc; path = FSViewController.m; sourceTree = "<group>"; };
		442472BA161E28CE00756CC3 /* en */ = {isa = PBXFileReference; lastKnownFileType = file.xib; name = en; path = en.lproj/FSViewController.xib; sourceTree = "<group>"; };
		6003C55F161E4DC200CE4032 /* JSON.h */ = {isa = PBXFileReference; fileEncoding = 4; lastKnownFileType = sourcecode.c.h; path = JSON.h; sourceTree = "<group>"; };
		6003C560161E4DC200CE4032 /* NSObject+SBJSON.h */ = {isa = PBXFileReference; fileEncoding = 4; lastKnownFileType = sourcecode.c.h; path = "NSObject+SBJSON.h"; sourceTree = "<group>"; };
		6003C561161E4DC200CE4032 /* NSObject+SBJSON.m */ = {isa = PBXFileReference; fileEncoding = 4; lastKnownFileType = sourcecode.c.objc; path = "NSObject+SBJSON.m"; sourceTree = "<group>"; };
		6003C562161E4DC200CE4032 /* NSString+SBJSON.h */ = {isa = PBXFileReference; fileEncoding = 4; lastKnownFileType = sourcecode.c.h; path = "NSString+SBJSON.h"; sourceTree = "<group>"; };
		6003C563161E4DC200CE4032 /* NSString+SBJSON.m */ = {isa = PBXFileReference; fileEncoding = 4; lastKnownFileType = sourcecode.c.objc; path = "NSString+SBJSON.m"; sourceTree = "<group>"; };
		6003C564161E4DC200CE4032 /* SBJSON.h */ = {isa = PBXFileReference; fileEncoding = 4; lastKnownFileType = sourcecode.c.h; path = SBJSON.h; sourceTree = "<group>"; };
		6003C565161E4DC200CE4032 /* SBJSON.m */ = {isa = PBXFileReference; fileEncoding = 4; lastKnownFileType = sourcecode.c.objc; path = SBJSON.m; sourceTree = "<group>"; };
		6003C566161E4DC200CE4032 /* SBJsonBase.h */ = {isa = PBXFileReference; fileEncoding = 4; lastKnownFileType = sourcecode.c.h; path = SBJsonBase.h; sourceTree = "<group>"; };
		6003C567161E4DC200CE4032 /* SBJsonBase.m */ = {isa = PBXFileReference; fileEncoding = 4; lastKnownFileType = sourcecode.c.objc; path = SBJsonBase.m; sourceTree = "<group>"; };
		6003C568161E4DC200CE4032 /* SBJsonParser.h */ = {isa = PBXFileReference; fileEncoding = 4; lastKnownFileType = sourcecode.c.h; path = SBJsonParser.h; sourceTree = "<group>"; };
		6003C569161E4DC200CE4032 /* SBJsonParser.m */ = {isa = PBXFileReference; fileEncoding = 4; lastKnownFileType = sourcecode.c.objc; path = SBJsonParser.m; sourceTree = "<group>"; };
		6003C56A161E4DC200CE4032 /* SBJsonWriter.h */ = {isa = PBXFileReference; fileEncoding = 4; lastKnownFileType = sourcecode.c.h; path = SBJsonWriter.h; sourceTree = "<group>"; };
		6003C56B161E4DC200CE4032 /* SBJsonWriter.m */ = {isa = PBXFileReference; fileEncoding = 4; lastKnownFileType = sourcecode.c.objc; path = SBJsonWriter.m; sourceTree = "<group>"; };
		602EE38C161E39860024D6E0 /* AppAuthViewController.h */ = {isa = PBXFileReference; fileEncoding = 4; lastKnownFileType = sourcecode.c.h; path = AppAuthViewController.h; sourceTree = "<group>"; };
		602EE38D161E39860024D6E0 /* AppAuthViewController.m */ = {isa = PBXFileReference; fileEncoding = 4; lastKnownFileType = sourcecode.c.objc; path = AppAuthViewController.m; sourceTree = "<group>"; };
		602EE38E161E39860024D6E0 /* AppAuthViewController.xib */ = {isa = PBXFileReference; fileEncoding = 4; lastKnownFileType = file.xib; path = AppAuthViewController.xib; sourceTree = "<group>"; };
		602EE39E161E43620024D6E0 /* TwitterViewController.h */ = {isa = PBXFileReference; fileEncoding = 4; lastKnownFileType = sourcecode.c.h; path = TwitterViewController.h; sourceTree = "<group>"; };
		602EE39F161E43620024D6E0 /* TwitterViewController.m */ = {isa = PBXFileReference; fileEncoding = 4; lastKnownFileType = sourcecode.c.objc; path = TwitterViewController.m; sourceTree = "<group>"; };
		602EE3A0161E43620024D6E0 /* TwitterViewController.xib */ = {isa = PBXFileReference; fileEncoding = 4; lastKnownFileType = file.xib; path = TwitterViewController.xib; sourceTree = "<group>"; };
		602EE3A3161E43730024D6E0 /* FlickrViewController.h */ = {isa = PBXFileReference; fileEncoding = 4; lastKnownFileType = sourcecode.c.h; path = FlickrViewController.h; sourceTree = "<group>"; };
		602EE3A4161E43740024D6E0 /* FlickrViewController.m */ = {isa = PBXFileReference; fileEncoding = 4; lastKnownFileType = sourcecode.c.objc; path = FlickrViewController.m; sourceTree = "<group>"; };
		602EE3A5161E43740024D6E0 /* FlickrViewController.xib */ = {isa = PBXFileReference; fileEncoding = 4; lastKnownFileType = file.xib; path = FlickrViewController.xib; sourceTree = "<group>"; };
		602EE3A8161E43840024D6E0 /* FacebookViewController.h */ = {isa = PBXFileReference; fileEncoding = 4; lastKnownFileType = sourcecode.c.h; path = FacebookViewController.h; sourceTree = "<group>"; };
		602EE3A9161E43840024D6E0 /* FacebookViewController.m */ = {isa = PBXFileReference; fileEncoding = 4; lastKnownFileType = sourcecode.c.objc; path = FacebookViewController.m; sourceTree = "<group>"; };
		602EE3AA161E43840024D6E0 /* FacebookViewController.xib */ = {isa = PBXFileReference; fileEncoding = 4; lastKnownFileType = file.xib; path = FacebookViewController.xib; sourceTree = "<group>"; };
		60CD0CA4161E495B00EC03DE /* Twitter.framework */ = {isa = PBXFileReference; lastKnownFileType = wrapper.framework; name = Twitter.framework; path = System/Library/Frameworks/Twitter.framework; sourceTree = SDKROOT; };
/* End PBXFileReference section */

/* Begin PBXFrameworksBuildPhase section */
		44247297161E28CE00756CC3 /* Frameworks */ = {
			isa = PBXFrameworksBuildPhase;
			buildActionMask = 2147483647;
			files = (
				60CD0CA5161E495B00EC03DE /* Twitter.framework in Frameworks */,
				4424729F161E28CE00756CC3 /* UIKit.framework in Frameworks */,
				442472A1161E28CE00756CC3 /* Foundation.framework in Frameworks */,
				442472A3161E28CE00756CC3 /* CoreGraphics.framework in Frameworks */,
			);
			runOnlyForDeploymentPostprocessing = 0;
		};
/* End PBXFrameworksBuildPhase section */

/* Begin PBXGroup section */
		4424728F161E28CE00756CC3 = {
			isa = PBXGroup;
			children = (
				60CD0CA4161E495B00EC03DE /* Twitter.framework */,
				442472A4161E28CE00756CC3 /* feastshare */,
				4424729D161E28CE00756CC3 /* Frameworks */,
				4424729B161E28CE00756CC3 /* Products */,
			);
			sourceTree = "<group>";
		};
		4424729B161E28CE00756CC3 /* Products */ = {
			isa = PBXGroup;
			children = (
				4424729A161E28CE00756CC3 /* feastshare.app */,
			);
			name = Products;
			sourceTree = "<group>";
		};
		4424729D161E28CE00756CC3 /* Frameworks */ = {
			isa = PBXGroup;
			children = (
				4424729E161E28CE00756CC3 /* UIKit.framework */,
				442472A0161E28CE00756CC3 /* Foundation.framework */,
				442472A2161E28CE00756CC3 /* CoreGraphics.framework */,
			);
			name = Frameworks;
			sourceTree = "<group>";
		};
		442472A4161E28CE00756CC3 /* feastshare */ = {
			isa = PBXGroup;
			children = (
				6003C55E161E4DB400CE4032 /* JSON */,
				442472AD161E28CE00756CC3 /* FSAppDelegate.h */,
				442472AE161E28CE00756CC3 /* FSAppDelegate.m */,
				442472B6161E28CE00756CC3 /* FSViewController.h */,
				442472B7161E28CE00756CC3 /* FSViewController.m */,
				442472B9161E28CE00756CC3 /* FSViewController.xib */,
				602EE38C161E39860024D6E0 /* AppAuthViewController.h */,
				602EE38D161E39860024D6E0 /* AppAuthViewController.m */,
				602EE38E161E39860024D6E0 /* AppAuthViewController.xib */,
				602EE3A8161E43840024D6E0 /* FacebookViewController.h */,
				602EE3A9161E43840024D6E0 /* FacebookViewController.m */,
				602EE3AA161E43840024D6E0 /* FacebookViewController.xib */,
				602EE3A3161E43730024D6E0 /* FlickrViewController.h */,
				602EE3A4161E43740024D6E0 /* FlickrViewController.m */,
				602EE3A5161E43740024D6E0 /* FlickrViewController.xib */,
				602EE39E161E43620024D6E0 /* TwitterViewController.h */,
				602EE39F161E43620024D6E0 /* TwitterViewController.m */,
				602EE3A0161E43620024D6E0 /* TwitterViewController.xib */,
				442472A5161E28CE00756CC3 /* Supporting Files */,
			);
			path = feastshare;
			sourceTree = "<group>";
		};
		442472A5161E28CE00756CC3 /* Supporting Files */ = {
			isa = PBXGroup;
			children = (
				442472A6161E28CE00756CC3 /* feastshare-Info.plist */,
				442472A7161E28CE00756CC3 /* InfoPlist.strings */,
				442472AA161E28CE00756CC3 /* main.m */,
				442472AC161E28CE00756CC3 /* feastshare-Prefix.pch */,
				442472B0161E28CE00756CC3 /* Default.png */,
				442472B2161E28CE00756CC3 /* Default@2x.png */,
				442472B4161E28CE00756CC3 /* Default-568h@2x.png */,
			);
			name = "Supporting Files";
			sourceTree = "<group>";
		};
		6003C55E161E4DB400CE4032 /* JSON */ = {
			isa = PBXGroup;
			children = (
				6003C55F161E4DC200CE4032 /* JSON.h */,
				6003C560161E4DC200CE4032 /* NSObject+SBJSON.h */,
				6003C561161E4DC200CE4032 /* NSObject+SBJSON.m */,
				6003C562161E4DC200CE4032 /* NSString+SBJSON.h */,
				6003C563161E4DC200CE4032 /* NSString+SBJSON.m */,
				6003C564161E4DC200CE4032 /* SBJSON.h */,
				6003C565161E4DC200CE4032 /* SBJSON.m */,
				6003C566161E4DC200CE4032 /* SBJsonBase.h */,
				6003C567161E4DC200CE4032 /* SBJsonBase.m */,
				6003C568161E4DC200CE4032 /* SBJsonParser.h */,
				6003C569161E4DC200CE4032 /* SBJsonParser.m */,
				6003C56A161E4DC200CE4032 /* SBJsonWriter.h */,
				6003C56B161E4DC200CE4032 /* SBJsonWriter.m */,
			);
			name = JSON;
			sourceTree = "<group>";
		};
/* End PBXGroup section */

/* Begin PBXNativeTarget section */
		44247299161E28CE00756CC3 /* feastshare */ = {
			isa = PBXNativeTarget;
			buildConfigurationList = 442472BE161E28CE00756CC3 /* Build configuration list for PBXNativeTarget "feastshare" */;
			buildPhases = (
				44247296161E28CE00756CC3 /* Sources */,
				44247297161E28CE00756CC3 /* Frameworks */,
				44247298161E28CE00756CC3 /* Resources */,
			);
			buildRules = (
			);
			dependencies = (
			);
			name = feastshare;
			productName = feastshare;
			productReference = 4424729A161E28CE00756CC3 /* feastshare.app */;
			productType = "com.apple.product-type.application";
		};
/* End PBXNativeTarget section */

/* Begin PBXProject section */
		44247291161E28CE00756CC3 /* Project object */ = {
			isa = PBXProject;
			attributes = {
				CLASSPREFIX = FS;
				LastUpgradeCheck = 0450;
				ORGANIZATIONNAME = Feast;
			};
			buildConfigurationList = 44247294161E28CE00756CC3 /* Build configuration list for PBXProject "feastshare" */;
			compatibilityVersion = "Xcode 3.2";
			developmentRegion = English;
			hasScannedForEncodings = 0;
			knownRegions = (
				en,
			);
			mainGroup = 4424728F161E28CE00756CC3;
			productRefGroup = 4424729B161E28CE00756CC3 /* Products */;
			projectDirPath = "";
			projectRoot = "";
			targets = (
				44247299161E28CE00756CC3 /* feastshare */,
			);
		};
/* End PBXProject section */

/* Begin PBXResourcesBuildPhase section */
		44247298161E28CE00756CC3 /* Resources */ = {
			isa = PBXResourcesBuildPhase;
			buildActionMask = 2147483647;
			files = (
				442472A9161E28CE00756CC3 /* InfoPlist.strings in Resources */,
				442472B1161E28CE00756CC3 /* Default.png in Resources */,
				442472B3161E28CE00756CC3 /* Default@2x.png in Resources */,
				442472B5161E28CE00756CC3 /* Default-568h@2x.png in Resources */,
				442472BB161E28CE00756CC3 /* FSViewController.xib in Resources */,
				602EE390161E39860024D6E0 /* AppAuthViewController.xib in Resources */,
				602EE3A2161E43620024D6E0 /* TwitterViewController.xib in Resources */,
				602EE3A7161E43740024D6E0 /* FlickrViewController.xib in Resources */,
				602EE3AC161E43840024D6E0 /* FacebookViewController.xib in Resources */,
			);
			runOnlyForDeploymentPostprocessing = 0;
		};
/* End PBXResourcesBuildPhase section */

/* Begin PBXSourcesBuildPhase section */
		44247296161E28CE00756CC3 /* Sources */ = {
			isa = PBXSourcesBuildPhase;
			buildActionMask = 2147483647;
			files = (
				442472AB161E28CE00756CC3 /* main.m in Sources */,
				442472AF161E28CE00756CC3 /* FSAppDelegate.m in Sources */,
				442472B8161E28CE00756CC3 /* FSViewController.m in Sources */,
				602EE38F161E39860024D6E0 /* AppAuthViewController.m in Sources */,
				602EE3A1161E43620024D6E0 /* TwitterViewController.m in Sources */,
				602EE3A6161E43740024D6E0 /* FlickrViewController.m in Sources */,
				602EE3AB161E43840024D6E0 /* FacebookViewController.m in Sources */,
				6003C56C161E4DC200CE4032 /* NSObject+SBJSON.m in Sources */,
				6003C56D161E4DC200CE4032 /* NSString+SBJSON.m in Sources */,
				6003C56E161E4DC200CE4032 /* SBJSON.m in Sources */,
				6003C56F161E4DC200CE4032 /* SBJsonBase.m in Sources */,
				6003C570161E4DC200CE4032 /* SBJsonParser.m in Sources */,
				6003C571161E4DC200CE4032 /* SBJsonWriter.m in Sources */,
			);
			runOnlyForDeploymentPostprocessing = 0;
		};
/* End PBXSourcesBuildPhase section */

/* Begin PBXVariantGroup section */
		442472A7161E28CE00756CC3 /* InfoPlist.strings */ = {
			isa = PBXVariantGroup;
			children = (
				442472A8161E28CE00756CC3 /* en */,
			);
			name = InfoPlist.strings;
			sourceTree = "<group>";
		};
		442472B9161E28CE00756CC3 /* FSViewController.xib */ = {
			isa = PBXVariantGroup;
			children = (
				442472BA161E28CE00756CC3 /* en */,
			);
			name = FSViewController.xib;
			sourceTree = "<group>";
		};
/* End PBXVariantGroup section */

/* Begin XCBuildConfiguration section */
		442472BC161E28CE00756CC3 /* Debug */ = {
			isa = XCBuildConfiguration;
			buildSettings = {
				ALWAYS_SEARCH_USER_PATHS = NO;
				CLANG_CXX_LANGUAGE_STANDARD = "gnu++0x";
				CLANG_CXX_LIBRARY = "libc++";
				CLANG_ENABLE_OBJC_ARC = YES;
				CLANG_WARN_EMPTY_BODY = YES;
				CLANG_WARN__DUPLICATE_METHOD_MATCH = YES;
				"CODE_SIGN_IDENTITY[sdk=iphoneos*]" = "iPhone Developer";
				COPY_PHASE_STRIP = NO;
				GCC_C_LANGUAGE_STANDARD = gnu99;
				GCC_DYNAMIC_NO_PIC = NO;
				GCC_OPTIMIZATION_LEVEL = 0;
				GCC_PREPROCESSOR_DEFINITIONS = (
					"DEBUG=1",
					"$(inherited)",
				);
				GCC_SYMBOLS_PRIVATE_EXTERN = NO;
				GCC_WARN_ABOUT_RETURN_TYPE = YES;
				GCC_WARN_UNINITIALIZED_AUTOS = YES;
				GCC_WARN_UNUSED_VARIABLE = YES;
				IPHONEOS_DEPLOYMENT_TARGET = 6.0;
				SDKROOT = iphoneos;
				TARGETED_DEVICE_FAMILY = 2;
			};
			name = Debug;
		};
		442472BD161E28CE00756CC3 /* Release */ = {
			isa = XCBuildConfiguration;
			buildSettings = {
				ALWAYS_SEARCH_USER_PATHS = NO;
				CLANG_CXX_LANGUAGE_STANDARD = "gnu++0x";
				CLANG_CXX_LIBRARY = "libc++";
				CLANG_ENABLE_OBJC_ARC = YES;
				CLANG_WARN_EMPTY_BODY = YES;
				CLANG_WARN__DUPLICATE_METHOD_MATCH = YES;
				"CODE_SIGN_IDENTITY[sdk=iphoneos*]" = "iPhone Developer";
				COPY_PHASE_STRIP = YES;
				GCC_C_LANGUAGE_STANDARD = gnu99;
				GCC_WARN_ABOUT_RETURN_TYPE = YES;
				GCC_WARN_UNINITIALIZED_AUTOS = YES;
				GCC_WARN_UNUSED_VARIABLE = YES;
				IPHONEOS_DEPLOYMENT_TARGET = 6.0;
				OTHER_CFLAGS = "-DNS_BLOCK_ASSERTIONS=1";
				SDKROOT = iphoneos;
				TARGETED_DEVICE_FAMILY = 2;
				VALIDATE_PRODUCT = YES;
			};
			name = Release;
		};
		442472BF161E28CE00756CC3 /* Debug */ = {
			isa = XCBuildConfiguration;
			buildSettings = {
				GCC_PRECOMPILE_PREFIX_HEADER = YES;
				GCC_PREFIX_HEADER = "feastshare/feastshare-Prefix.pch";
				INFOPLIST_FILE = "feastshare/feastshare-Info.plist";
				IPHONEOS_DEPLOYMENT_TARGET = 5.0;
				PRODUCT_NAME = "$(TARGET_NAME)";
				WRAPPER_EXTENSION = app;
			};
			name = Debug;
		};
		442472C0161E28CE00756CC3 /* Release */ = {
			isa = XCBuildConfiguration;
			buildSettings = {
				GCC_PRECOMPILE_PREFIX_HEADER = YES;
				GCC_PREFIX_HEADER = "feastshare/feastshare-Prefix.pch";
				INFOPLIST_FILE = "feastshare/feastshare-Info.plist";
				IPHONEOS_DEPLOYMENT_TARGET = 5.0;
				PRODUCT_NAME = "$(TARGET_NAME)";
				WRAPPER_EXTENSION = app;
			};
			name = Release;
		};
/* End XCBuildConfiguration section */

/* Begin XCConfigurationList section */
		44247294161E28CE00756CC3 /* Build configuration list for PBXProject "feastshare" */ = {
			isa = XCConfigurationList;
			buildConfigurations = (
				442472BC161E28CE00756CC3 /* Debug */,
				442472BD161E28CE00756CC3 /* Release */,
			);
			defaultConfigurationIsVisible = 0;
			defaultConfigurationName = Release;
		};
		442472BE161E28CE00756CC3 /* Build configuration list for PBXNativeTarget "feastshare" */ = {
			isa = XCConfigurationList;
			buildConfigurations = (
				442472BF161E28CE00756CC3 /* Debug */,
				442472C0161E28CE00756CC3 /* Release */,
			);
			defaultConfigurationIsVisible = 0;
			defaultConfigurationName = Release;
		};
/* End XCConfigurationList section */
	};
	rootObject = 44247291161E28CE00756CC3 /* Project object */;
}
